
Microsoft Visual Studio Solution File, Format Version 12.00
# Visual Studio Version 17
VisualStudioVersion = 17.6.33815.320
MinimumVisualStudioVersion = 10.0.40219.1
Project("{2150E333-8FDC-42A3-9474-1A3956D46DE8}") = "1. API", "1. API", "{2CF26013-BE34-4EA9-93DB-74041064861E}"
EndProject
Project("{2150E333-8FDC-42A3-9474-1A3956D46DE8}") = "2. APPLICATION", "2. APPLICATION", "{E4DCBE81-0AE9-49E2-97DD-6BFFD7D681F3}"
EndProject
Project("{2150E333-8FDC-42A3-9474-1A3956D46DE8}") = "3. DOMAIN", "3. DOMAIN", "{6C7C191D-65EC-4745-84AD-E5B723B24893}"
EndProject
Project("{2150E333-8FDC-42A3-9474-1A3956D46DE8}") = "4. INFRA", "4. INFRA", "{3BA9797F-E4DF-4797-8875-58DE688D01A5}"
EndProject
Project("{FAE04EC0-301F-11D3-BF4B-00C04F79EFBC}") = "AudioGeraImagemAPI.API", "AudioGeraImagemAPI.API\AudioGeraImagemAPI.API.csproj", "{ACC2ECE8-EF7E-498D-B683-80A712B6C6C2}"
EndProject
Project("{FAE04EC0-301F-11D3-BF4B-00C04F79EFBC}") = "AudioGeraImagemAPI.Application", "AudioGeraImagemAPI.Application\AudioGeraImagemAPI.Application.csproj", "{9C540B26-6577-4662-BEC6-CA1FF09FAEF7}"
EndProject
Project("{FAE04EC0-301F-11D3-BF4B-00C04F79EFBC}") = "AudioGeraImagemAPI.Domain", "AudioGeraImagemAPI.Domain\AudioGeraImagemAPI.Domain.csproj", "{F485AE15-DAEA-4F2A-94E7-24465DFC961F}"
EndProject
Project("{FAE04EC0-301F-11D3-BF4B-00C04F79EFBC}") = "AudioGeraImagemAPI.Infra", "AudioGeraImagemAPI.Infra\AudioGeraImagemAPI.Infra.csproj", "{E4544896-3654-44C0-9BDC-0256EC7686B6}"
EndProject
Global
	GlobalSection(SolutionConfigurationPlatforms) = preSolution
		Debug|Any CPU = Debug|Any CPU
		Release|Any CPU = Release|Any CPU
	EndGlobalSection
	GlobalSection(ProjectConfigurationPlatforms) = postSolution
		{ACC2ECE8-EF7E-498D-B683-80A712B6C6C2}.Debug|Any CPU.ActiveCfg = Debug|Any CPU
		{ACC2ECE8-EF7E-498D-B683-80A712B6C6C2}.Debug|Any CPU.Build.0 = Debug|Any CPU
		{ACC2ECE8-EF7E-498D-B683-80A712B6C6C2}.Release|Any CPU.ActiveCfg = Release|Any CPU
		{ACC2ECE8-EF7E-498D-B683-80A712B6C6C2}.Release|Any CPU.Build.0 = Release|Any CPU
		{9C540B26-6577-4662-BEC6-CA1FF09FAEF7}.Debug|Any CPU.ActiveCfg = Debug|Any CPU
		{9C540B26-6577-4662-BEC6-CA1FF09FAEF7}.Debug|Any CPU.Build.0 = Debug|Any CPU
		{9C540B26-6577-4662-BEC6-CA1FF09FAEF7}.Release|Any CPU.ActiveCfg = Release|Any CPU
		{9C540B26-6577-4662-BEC6-CA1FF09FAEF7}.Release|Any CPU.Build.0 = Release|Any CPU
		{F485AE15-DAEA-4F2A-94E7-24465DFC961F}.Debug|Any CPU.ActiveCfg = Debug|Any CPU
		{F485AE15-DAEA-4F2A-94E7-24465DFC961F}.Debug|Any CPU.Build.0 = Debug|Any CPU
		{F485AE15-DAEA-4F2A-94E7-24465DFC961F}.Release|Any CPU.ActiveCfg = Release|Any CPU
		{F485AE15-DAEA-4F2A-94E7-24465DFC961F}.Release|Any CPU.Build.0 = Release|Any CPU
		{E4544896-3654-44C0-9BDC-0256EC7686B6}.Debug|Any CPU.ActiveCfg = Debug|Any CPU
		{E4544896-3654-44C0-9BDC-0256EC7686B6}.Debug|Any CPU.Build.0 = Debug|Any CPU
		{E4544896-3654-44C0-9BDC-0256EC7686B6}.Release|Any CPU.ActiveCfg = Release|Any CPU
		{E4544896-3654-44C0-9BDC-0256EC7686B6}.Release|Any CPU.Build.0 = Release|Any CPU
	EndGlobalSection
	GlobalSection(SolutionProperties) = preSolution
		HideSolutionNode = FALSE
	EndGlobalSection
	GlobalSection(NestedProjects) = preSolution
		{ACC2ECE8-EF7E-498D-B683-80A712B6C6C2} = {2CF26013-BE34-4EA9-93DB-74041064861E}
		{9C540B26-6577-4662-BEC6-CA1FF09FAEF7} = {E4DCBE81-0AE9-49E2-97DD-6BFFD7D681F3}
		{F485AE15-DAEA-4F2A-94E7-24465DFC961F} = {6C7C191D-65EC-4745-84AD-E5B723B24893}
		{E4544896-3654-44C0-9BDC-0256EC7686B6} = {3BA9797F-E4DF-4797-8875-58DE688D01A5}
	EndGlobalSection
	GlobalSection(ExtensibilityGlobals) = postSolution
		SolutionGuid = {532B4F96-F1C2-432C-80B2-DF06976ACDC3}
	EndGlobalSection
EndGlobal
